
Microsoft Visual Studio Solution File, Format Version 12.00
# Visual Studio Version 16
VisualStudioVersion = 16.0.30114.105
MinimumVisualStudioVersion = 10.0.40219.1
Project("{2150E333-8FDC-42A3-9474-1A3956D46DE8}") = "LogbookServiceClient", "LogbookServiceClient", "{9325B62D-B134-40D8-B013-82FBF53AF33E}"
EndProject
Project("{FAE04EC0-301F-11D3-BF4B-00C04F79EFBC}") = "LogbookServiceClient.Test", "LogbookServiceClient\LogbookServiceClient.Test\LogbookServiceClient.Test.csproj", "{89755B3E-9FF9-430E-82D5-90B8EBAE75FF}"
EndProject
Project("{FAE04EC0-301F-11D3-BF4B-00C04F79EFBC}") = "LogbookServiceClient", "LogbookServiceClient\LogbookServiceClient\LogbookServiceClient.csproj", "{7186335B-EC5E-4BFC-AF16-032F9EDDE01E}"
EndProject
Project("{2150E333-8FDC-42A3-9474-1A3956D46DE8}") = "LogbookService", "LogbookService", "{FB251467-7FF2-4790-A0F1-DA6263CE85C4}"
EndProject
Project("{FAE04EC0-301F-11D3-BF4B-00C04F79EFBC}") = "LogbookService.Test", "LogbookService\LogbookService.Test\LogbookService.Test.csproj", "{C8D71F07-BFCF-42BC-92ED-AB61CCE2DFB8}"
EndProject
Project("{FAE04EC0-301F-11D3-BF4B-00C04F79EFBC}") = "LogbookService", "LogbookService\LogbookService\LogbookService.csproj", "{0EA3CC1F-A365-4752-8C9A-F8BDC8659259}"
EndProject
Global
	GlobalSection(SolutionConfigurationPlatforms) = preSolution
		Debug|Any CPU = Debug|Any CPU
		Release|Any CPU = Release|Any CPU
	EndGlobalSection
	GlobalSection(SolutionProperties) = preSolution
		HideSolutionNode = FALSE
	EndGlobalSection
	GlobalSection(ProjectConfigurationPlatforms) = postSolution
		{89755B3E-9FF9-430E-82D5-90B8EBAE75FF}.Debug|Any CPU.ActiveCfg = Debug|Any CPU
		{89755B3E-9FF9-430E-82D5-90B8EBAE75FF}.Debug|Any CPU.Build.0 = Debug|Any CPU
		{89755B3E-9FF9-430E-82D5-90B8EBAE75FF}.Release|Any CPU.ActiveCfg = Release|Any CPU
		{89755B3E-9FF9-430E-82D5-90B8EBAE75FF}.Release|Any CPU.Build.0 = Release|Any CPU
		{7186335B-EC5E-4BFC-AF16-032F9EDDE01E}.Debug|Any CPU.ActiveCfg = Debug|Any CPU
		{7186335B-EC5E-4BFC-AF16-032F9EDDE01E}.Debug|Any CPU.Build.0 = Debug|Any CPU
		{7186335B-EC5E-4BFC-AF16-032F9EDDE01E}.Release|Any CPU.ActiveCfg = Release|Any CPU
		{7186335B-EC5E-4BFC-AF16-032F9EDDE01E}.Release|Any CPU.Build.0 = Release|Any CPU
		{C8D71F07-BFCF-42BC-92ED-AB61CCE2DFB8}.Debug|Any CPU.ActiveCfg = Debug|Any CPU
		{C8D71F07-BFCF-42BC-92ED-AB61CCE2DFB8}.Debug|Any CPU.Build.0 = Debug|Any CPU
		{C8D71F07-BFCF-42BC-92ED-AB61CCE2DFB8}.Release|Any CPU.ActiveCfg = Release|Any CPU
		{C8D71F07-BFCF-42BC-92ED-AB61CCE2DFB8}.Release|Any CPU.Build.0 = Release|Any CPU
		{0EA3CC1F-A365-4752-8C9A-F8BDC8659259}.Debug|Any CPU.ActiveCfg = Debug|Any CPU
		{0EA3CC1F-A365-4752-8C9A-F8BDC8659259}.Debug|Any CPU.Build.0 = Debug|Any CPU
		{0EA3CC1F-A365-4752-8C9A-F8BDC8659259}.Release|Any CPU.ActiveCfg = Release|Any CPU
		{0EA3CC1F-A365-4752-8C9A-F8BDC8659259}.Release|Any CPU.Build.0 = Release|Any CPU
	EndGlobalSection
	GlobalSection(NestedProjects) = preSolution
		{89755B3E-9FF9-430E-82D5-90B8EBAE75FF} = {9325B62D-B134-40D8-B013-82FBF53AF33E}
		{7186335B-EC5E-4BFC-AF16-032F9EDDE01E} = {9325B62D-B134-40D8-B013-82FBF53AF33E}
		{C8D71F07-BFCF-42BC-92ED-AB61CCE2DFB8} = {FB251467-7FF2-4790-A0F1-DA6263CE85C4}
		{0EA3CC1F-A365-4752-8C9A-F8BDC8659259} = {FB251467-7FF2-4790-A0F1-DA6263CE85C4}
	EndGlobalSection
EndGlobal
